
Microsoft Visual Studio Solution File, Format Version 12.00
# Visual Studio Version 16
VisualStudioVersion = 16.0.30204.135
MinimumVisualStudioVersion = 10.0.40219.1
Project("{FAE04EC0-301F-11D3-BF4B-00C04F79EFBC}") = "WpfApp1", "WpfApp1\WpfApp1.csproj", "{1BF7BB5E-FEB3-4B6D-8201-E3C3E6F1C76D}"
EndProject
Global
	GlobalSection(SolutionConfigurationPlatforms) = preSolution
		Debug|Any CPU = Debug|Any CPU
		Release|Any CPU = Release|Any CPU
	EndGlobalSection
	GlobalSection(ProjectConfigurationPlatforms) = postSolution
		{1BF7BB5E-FEB3-4B6D-8201-E3C3E6F1C76D}.Debug|Any CPU.ActiveCfg = Debug|Any CPU
		{1BF7BB5E-FEB3-4B6D-8201-E3C3E6F1C76D}.Debug|Any CPU.Build.0 = Debug|Any CPU
		{1BF7BB5E-FEB3-4B6D-8201-E3C3E6F1C76D}.Release|Any CPU.ActiveCfg = Release|Any CPU
		{1BF7BB5E-FEB3-4B6D-8201-E3C3E6F1C76D}.Release|Any CPU.Build.0 = Release|Any CPU
	EndGlobalSection
	GlobalSection(SolutionProperties) = preSolution
		HideSolutionNode = FALSE
	EndGlobalSection
	GlobalSection(ExtensibilityGlobals) = postSolution
		SolutionGuid = {F7D86FA0-59B9-4058-BABE-0B743B92B1E1}
	EndGlobalSection
EndGlobal
